{
  "name": "SpotifAI",
  "lockfileVersion": 3,
  "requires": true,
  "packages": {
    "": {
      "dependencies": {
        "tinyld": "^1.3.4"
      }
    },
    "node_modules/tinyld": {
      "version": "1.3.4",
      "resolved": "https://registry.npmjs.org/tinyld/-/tinyld-1.3.4.tgz",
      "integrity": "sha512-u26CNoaInA4XpDU+8s/6Cq8xHc2T5M4fXB3ICfXPokUQoLzmPgSZU02TAkFwFMJCWTjk53gtkS8pETTreZwCqw==",
      "bin": {
        "tinyld": "bin/tinyld.js",
        "tinyld-heavy": "bin/tinyld-heavy.js",
        "tinyld-light": "bin/tinyld-light.js"
      },
      "engines": {
        "node": ">= 12.10.0",
        "npm": ">= 6.12.0",
        "yarn": ">= 1.20.0"
      }
    }
  }
}
